
Microsoft Visual Studio Solution File, Format Version 12.00
# Visual Studio Version 17
VisualStudioVersion = 17.9.34728.123
MinimumVisualStudioVersion = 10.0.40219.1
Project("{8BC9CEB8-8B4A-11D0-8D11-00A0C91BC942}") = "TL2TextureConverter", "TL2TextureConverter.vcxproj", "{EAB8600A-FB8D-45A9-8AE0-468C53D4461A}"
EndProject
Project("{8BC9CEB8-8B4A-11D0-8D11-00A0C91BC942}") = "DirectXTex", "External\DirectXTex\DirectXTex_Desktop_2022.vcxproj", "{371B9FA9-4C90-4AC6-A123-ACED756D6C77}"
EndProject
Global
	GlobalSection(SolutionConfigurationPlatforms) = preSolution
		Debug|x64 = Debug|x64
		Profile|x64 = Profile|x64
		Release|x64 = Release|x64
	EndGlobalSection
	GlobalSection(ProjectConfigurationPlatforms) = postSolution
		{EAB8600A-FB8D-45A9-8AE0-468C53D4461A}.Debug|x64.ActiveCfg = Debug|x64
		{EAB8600A-FB8D-45A9-8AE0-468C53D4461A}.Debug|x64.Build.0 = Debug|x64
		{EAB8600A-FB8D-45A9-8AE0-468C53D4461A}.Profile|x64.ActiveCfg = Release|x64
		{EAB8600A-FB8D-45A9-8AE0-468C53D4461A}.Profile|x64.Build.0 = Release|x64
		{EAB8600A-FB8D-45A9-8AE0-468C53D4461A}.Release|x64.ActiveCfg = Release|x64
		{EAB8600A-FB8D-45A9-8AE0-468C53D4461A}.Release|x64.Build.0 = Release|x64
		{371B9FA9-4C90-4AC6-A123-ACED756D6C77}.Debug|x64.ActiveCfg = Debug|x64
		{371B9FA9-4C90-4AC6-A123-ACED756D6C77}.Debug|x64.Build.0 = Debug|x64
		{371B9FA9-4C90-4AC6-A123-ACED756D6C77}.Profile|x64.ActiveCfg = Profile|x64
		{371B9FA9-4C90-4AC6-A123-ACED756D6C77}.Profile|x64.Build.0 = Profile|x64
		{371B9FA9-4C90-4AC6-A123-ACED756D6C77}.Release|x64.ActiveCfg = Release|x64
		{371B9FA9-4C90-4AC6-A123-ACED756D6C77}.Release|x64.Build.0 = Release|x64
	EndGlobalSection
	GlobalSection(SolutionProperties) = preSolution
		HideSolutionNode = FALSE
	EndGlobalSection
	GlobalSection(ExtensibilityGlobals) = postSolution
		SolutionGuid = {455AEA0B-5C46-49C3-B5C0-3594DF7351FD}
	EndGlobalSection
EndGlobal
